<?xml version="1.0" encoding="utf-8"?>
<Project ToolsVersion="4.0" xmlns="http://schemas.microsoft.com/developer/msbuild/2003">
  <ItemGroup>
    <Filter Include="Source">
      <UniqueIdentifier>{11c0fc2b-3844-40b1-9243-f7a1f9f21ec4}</UniqueIdentifier>
    </Filter>
    <Filter Include="Source\Engine">
      <UniqueIdentifier>{91620db5-740d-4ca4-9b85-8fc0becfb868}</UniqueIdentifier>
    </Filter>
    <Filter Include="Source\Engine\Core">
      <UniqueIdentifier>{5128cac5-c812-46f9-86a9-2531ea9b4757}</UniqueIdentifier>
    </Filter>
    <Filter Include="Source\Engine\Platform">
      <UniqueIdentifier>{6cd3fa55-2dc4-4046-a948-70aa94ea3b65}</UniqueIdentifier>
    </Filter>
    <Filter Include="Source\Engine\Graphics">
      <UniqueIdentifier>{9fee9642-96be-48fe-beda-cd7e59da6ff0}</UniqueIdentifier>
    </Filter>
    <Filter Include="Source\Engine\Resources">
      <UniqueIdentifier>{0ab508a4-0c72-4b19-83a0-7f4251b6b965}</UniqueIdentifier>
    </Filter>
    <Filter Include="Source\Engine\Scene">
      <UniqueIdentifier>{c3dc8a25-711d-4acf-a3d3-d2181128656c}</UniqueIdentifier>
    </Filter>
    <Filter Include="Source\Engine\Scene\Components">
      <UniqueIdentifier>{9cb7ce5b-77f7-4e21-b304-c04688068b1d}</UniqueIdentifier>
    </Filter>
    <Filter Include="Source\Engine\Math">
      <UniqueIdentifier>{ac61a88b-5336-4b43-b987-d8920baaf829}</UniqueIdentifier>
    </Filter>
    <Filter Include="Source\Game">
      <UniqueIdentifier>{dcb99c6e-c42a-4710-9e3f-5d3eaad9961e}</UniqueIdentifier>
    </Filter>
    <Filter Include="Source\Game\Scripts">
      <UniqueIdentifier>{b7dccdd1-0f7d-4add-8b2f-b1b24069b367}</UniqueIdentifier>
    </Filter>
    <Filter Include="Source\Game\Systems">
      <UniqueIdentifier>{be06c1a0-c3f2-4240-9fe6-8a75047332f5}</UniqueIdentifier>
    </Filter>
    <Filter Include="Source\Game\Scenes">
      <UniqueIdentifier>{6f1faaf9-cafa-495e-b105-4c0c2e37765d}</UniqueIdentifier>
    </Filter>
    <Filter Include="Source\Game\Prefabs">
      <UniqueIdentifier>{a1739fff-bfd9-4a7e-84de-4704b07bbc1b}</UniqueIdentifier>
    </Filter>
    <Filter Include="Source\Game\Scenes\Base">
      <UniqueIdentifier>{6c414585-dff1-40d8-94aa-38f8e58c824f}</UniqueIdentifier>
    </Filter>
    <Filter Include="Source\Game\Rendering">
      <UniqueIdentifier>{ed196f9c-3869-41d5-80fc-a1bc2555ac0f}</UniqueIdentifier>
    </Filter>
    <Filter Include="Assets">
      <UniqueIdentifier>{c3c16424-06e6-450d-b8c1-af742b447f21}</UniqueIdentifier>
    </Filter>
    <Filter Include="Assets\Shaders">
      <UniqueIdentifier>{0cef9bf6-118f-4c4f-8d31-a760bec87154}</UniqueIdentifier>
    </Filter>
    <Filter Include="Assets\Shaders\Common">
      <UniqueIdentifier>{596dcf62-2d2b-4c42-b86e-0d2d7791897e}</UniqueIdentifier>
    </Filter>
    <Filter Include="Assets\Materials">
      <UniqueIdentifier>{e3ec30db-8447-4d0c-a325-3d85bde7fc93}</UniqueIdentifier>
    </Filter>
    <Filter Include="Assets\Materials\Base">
      <UniqueIdentifier>{171ef8b8-d9a9-4927-ac17-b2a7695f44c1}</UniqueIdentifier>
    </Filter>
    <Filter Include="ThirdParty">
      <UniqueIdentifier>{73e00c83-426b-4e96-bac5-3b5f1b737f86}</UniqueIdentifier>
    </Filter>
    <Filter Include="ThirdParty\DirectXTex">
      <UniqueIdentifier>{5e051f36-0c08-4fda-a0f3-8272b5e09513}</UniqueIdentifier>
    </Filter>
    <Filter Include="Source\Engine\AI">
      <UniqueIdentifier>{f86cd35d-dbbc-46fe-8d1c-aad322614aaa}</UniqueIdentifier>
    </Filter>
    <Filter Include="Source\Engine\Scene\Scripting">
      <UniqueIdentifier>{a2eaf970-d1e6-43be-8f65-26b55f05f06b}</UniqueIdentifier>
    </Filter>
  </ItemGroup>
  <ItemGroup>
    <ClCompile Include="Source\Engine\Core\Logger.cpp">
      <Filter>Source\Engine\Core</Filter>
    </ClCompile>
    <ClCompile Include="Source\Engine\Core\Application.cpp">
      <Filter>Source\Engine\Core</Filter>
    </ClCompile>
    <ClCompile Include="Source\Engine\Core\Time.cpp">
      <Filter>Source\Engine\Core</Filter>
    </ClCompile>
    <ClCompile Include="Source\Engine\Platform\Window.cpp">
      <Filter>Source\Engine\Platform</Filter>
    </ClCompile>
    <ClCompile Include="Source\Engine\Graphics\GraphicsDevice.cpp">
      <Filter>Source\Engine\Graphics</Filter>
    </ClCompile>
    <ClCompile Include="Source\Engine\Graphics\RenderSystem.cpp">
      <Filter>Source\Engine\Graphics</Filter>
    </ClCompile>
    <ClCompile Include="Source\Engine\Scene\World.cpp">
      <Filter>Source\Engine\Scene</Filter>
    </ClCompile>
    <ClCompile Include="Source\Engine\Scene\Entity.cpp">
      <Filter>Source\Engine\Scene</Filter>
    </ClCompile>
    <ClCompile Include="Source\Engine\Scene\Component.cpp">
      <Filter>Source\Engine\Scene</Filter>
    </ClCompile>
    <ClCompile Include="Source\Engine\Scene\Components\Transform.cpp">
      <Filter>Source\Engine\Scene\Components</Filter>
    </ClCompile>
    <ClCompile Include="Source\Engine\Math\Vector3.cpp">
      <Filter>Source\Engine\Math</Filter>
    </ClCompile>
    <ClCompile Include="Source\Game\GameMain.cpp">
      <Filter>Source\Game</Filter>
    </ClCompile>
    <ClCompile Include="Source\Engine\Graphics\Texture.cpp">
      <Filter>Source\Engine\Graphics</Filter>
    </ClCompile>
    <ClCompile Include="Source\Engine\Graphics\Shader.cpp">
      <Filter>Source\Engine\Graphics</Filter>
    </ClCompile>
    <ClCompile Include="Source\Engine\Graphics\ShaderLibrary.cpp">
      <Filter>Source\Engine\Graphics</Filter>
    </ClCompile>
    <ClCompile Include="Source\Engine\Resources\AssetManager.cpp">
      <Filter>Source\Engine\Resources</Filter>
    </ClCompile>
    <ClCompile Include="Source\Engine\Graphics\Mesh.cpp">
      <Filter>Source\Engine\Graphics</Filter>
    </ClCompile>
    <ClCompile Include="Source\Engine\Math\Vector2.cpp">
      <Filter>Source\Engine\Math</Filter>
    </ClCompile>
    <ClCompile Include="Source\Engine\Math\Vector4.cpp">
      <Filter>Source\Engine\Math</Filter>
    </ClCompile>
    <ClCompile Include="Source\Engine\Graphics\Material.cpp">
      <Filter>Source\Engine\Graphics</Filter>
    </ClCompile>
    <ClCompile Include="Source\Engine\Graphics\MeshPrimitives.cpp">
      <Filter>Source\Engine\Graphics</Filter>
    </ClCompile>
    <ClCompile Include="Source\Engine\Graphics\MeshFactory.cpp">
      <Filter>Source\Engine\Graphics</Filter>
    </ClCompile>
    <ClCompile Include="Source\Engine\Scene\Components\MeshRenderer.cpp">
      <Filter>Source\Engine\Scene\Components</Filter>
    </ClCompile>
    <ClCompile Include="Source\Game\Scenes\SampleScene.cpp">
      <Filter>Source\Game\Scenes</Filter>
    </ClCompile>
    <ClCompile Include="Assets\Materials\SampleCubeMaterial.cpp">
      <Filter>Assets\Materials</Filter>
    </ClCompile>
    <ClCompile Include="Source\Game\Scripts\SampleRotateComponent.cpp">
      <Filter>Source\Game\Scripts</Filter>
    </ClCompile>
    <ClCompile Include="Source\Game\Prefabs\SamplePrefab.cpp">
      <Filter>Source\Game\Prefabs</Filter>
    </ClCompile>
    <ClCompile Include="Source\Engine\Platform\Input.cpp">
      <Filter>Source\Engine\Platform</Filter>
    </ClCompile>
    <ClCompile Include="Source\Game\Scenes\SceneManager.cpp">
      <Filter>Source\Game\Scenes\Base</Filter>
    </ClCompile>
    <ClCompile Include="Assets\Materials\MaterialLibrary.cpp">
      <Filter>Assets\Materials\Base</Filter>
    </ClCompile>
    <ClCompile Include="Source\Game\Rendering\DefaultLighting.cpp">
      <Filter>Source\Game\Rendering</Filter>
    </ClCompile>
    <ClCompile Include="Source\Engine\Scene\Components\StaticModelRenderer.cpp">
      <Filter>Source\Engine\Scene\Components</Filter>
    </ClCompile>
    <ClCompile Include="Source\Engine\Graphics\Model.cpp">
      <Filter>Source\Engine\Graphics</Filter>
    </ClCompile>
    <ClCompile Include="Source\Engine\Resources\ObjModelLoader.cpp">
      <Filter>Source\Engine\Resources</Filter>
    </ClCompile>
    <ClCompile Include="Source\Main.cpp" />
    <ClCompile Include="Source\Engine\Graphics\SkinnedModel.cpp">
      <Filter>Source\Engine\Graphics</Filter>
    </ClCompile>
    <ClCompile Include="Source\Engine\Resources\SkinnedModelLoader.cpp">
      <Filter>Source\Engine\Resources</Filter>
    </ClCompile>
    <ClCompile Include="Source\Engine\Scene\Components\AnimationModel.cpp">
      <Filter>Source\Engine\Scene\Components</Filter>
    </ClCompile>
    <ClCompile Include="Source\Engine\Scene\Components\Camera.cpp">
      <Filter>Source\Engine\Scene\Components</Filter>
    </ClCompile>
    <ClCompile Include="Source\Game\Prefabs\MainCameraPrefab.cpp">
      <Filter>Source\Game\Prefabs</Filter>
    </ClCompile>
    <ClCompile Include="Source\Game\Prefabs\SkyPrefab.cpp">
      <Filter>Source\Game\Prefabs</Filter>
    </ClCompile>
    <ClCompile Include="Assets\Materials\SkyMaterial.cpp">
      <Filter>Assets\Materials</Filter>
    </ClCompile>
  </ItemGroup>
  <ItemGroup>
    <ClInclude Include="Source\Engine\Core\Logger.h">
      <Filter>Source\Engine\Core</Filter>
    </ClInclude>
    <ClInclude Include="Source\Engine\Core\Application.h">
      <Filter>Source\Engine\Core</Filter>
    </ClInclude>
    <ClInclude Include="Source\Engine\Core\ApplicationSettings.h">
      <Filter>Source\Engine\Core</Filter>
    </ClInclude>
    <ClInclude Include="Source\Engine\Core\Assert.h">
      <Filter>Source\Engine\Core</Filter>
    </ClInclude>
    <ClInclude Include="Source\Engine\Core\IGame.h">
      <Filter>Source\Engine\Core</Filter>
    </ClInclude>
    <ClInclude Include="Source\Engine\Core\Time.h">
      <Filter>Source\Engine\Core</Filter>
    </ClInclude>
    <ClInclude Include="Source\Engine\Platform\Window.h">
      <Filter>Source\Engine\Platform</Filter>
    </ClInclude>
    <ClInclude Include="Source\Engine\Graphics\GraphicsDevice.h">
      <Filter>Source\Engine\Graphics</Filter>
    </ClInclude>
    <ClInclude Include="Source\Engine\Graphics\RenderSystem.h">
      <Filter>Source\Engine\Graphics</Filter>
    </ClInclude>
    <ClInclude Include="Source\Engine\Scene\World.h">
      <Filter>Source\Engine\Scene</Filter>
    </ClInclude>
    <ClInclude Include="Source\Engine\Scene\Entity.h">
      <Filter>Source\Engine\Scene</Filter>
    </ClInclude>
    <ClInclude Include="Source\Engine\Scene\Component.h">
      <Filter>Source\Engine\Scene</Filter>
    </ClInclude>
    <ClInclude Include="Source\Engine\Scene\Components\Transform.h">
      <Filter>Source\Engine\Scene\Components</Filter>
    </ClInclude>
    <ClInclude Include="Source\Engine\Math\Vector3.h">
      <Filter>Source\Engine\Math</Filter>
    </ClInclude>
    <ClInclude Include="Source\Engine\Scene\Components\ScriptComponent.h">
      <Filter>Source\Engine\Scene\Components</Filter>
    </ClInclude>
    <ClInclude Include="Source\Game\GameMain.h">
      <Filter>Source\Game</Filter>
    </ClInclude>
    <ClInclude Include="Source\ThirdParty\DirectXTex\DirectXTex.h">
      <Filter>ThirdParty\DirectXTex</Filter>
    </ClInclude>
    <ClInclude Include="Source\Engine\Graphics\Texture.h">
      <Filter>Source\Engine\Graphics</Filter>
    </ClInclude>
    <ClInclude Include="Source\Engine\Graphics\Shader.h">
      <Filter>Source\Engine\Graphics</Filter>
    </ClInclude>
    <ClInclude Include="Source\Engine\Graphics\ShaderLibrary.h">
      <Filter>Source\Engine\Graphics</Filter>
    </ClInclude>
    <ClInclude Include="Source\Engine\Resources\AssetManager.h">
      <Filter>Source\Engine\Resources</Filter>
    </ClInclude>
    <ClInclude Include="Source\Engine\Graphics\Mesh.h">
      <Filter>Source\Engine\Graphics</Filter>
    </ClInclude>
    <ClInclude Include="Source\Engine\Math\Vector2.h">
      <Filter>Source\Engine\Math</Filter>
    </ClInclude>
    <ClInclude Include="Source\Engine\Math\Vector4.h">
      <Filter>Source\Engine\Math</Filter>
    </ClInclude>
    <ClInclude Include="Source\Engine\Math\Vector1.h">
      <Filter>Source\Engine\Math</Filter>
    </ClInclude>
    <ClInclude Include="Source\Engine\Math\Color.h">
      <Filter>Source\Engine\Math</Filter>
    </ClInclude>
    <ClInclude Include="Source\Engine\Graphics\ShaderConstants.h">
      <Filter>Source\Engine\Graphics</Filter>
    </ClInclude>
    <ClInclude Include="Source\Engine\Graphics\ConstantBuffer.h">
      <Filter>Source\Engine\Graphics</Filter>
    </ClInclude>
    <ClInclude Include="Source\Engine\Math\Easing.h">
      <Filter>Source\Engine\Math</Filter>
    </ClInclude>
    <ClInclude Include="Source\Engine\Graphics\Material.h">
      <Filter>Source\Engine\Graphics</Filter>
    </ClInclude>
    <ClInclude Include="Source\Engine\Graphics\MeshPrimitives.h">
      <Filter>Source\Engine\Graphics</Filter>
    </ClInclude>
    <ClInclude Include="Source\Engine\Graphics\MeshFactory.h">
      <Filter>Source\Engine\Graphics</Filter>
    </ClInclude>
    <ClInclude Include="Source\Engine\Scene\Components\MeshRenderer.h">
      <Filter>Source\Engine\Scene\Components</Filter>
    </ClInclude>
    <ClInclude Include="Source\Game\Scenes\SampleScene.h">
      <Filter>Source\Game\Scenes</Filter>
    </ClInclude>
    <ClInclude Include="Assets\Materials\SampleCubeMaterial.h">
      <Filter>Assets\Materials</Filter>
    </ClInclude>
    <ClInclude Include="Source\Game\Scripts\SampleRotateComponent.h">
      <Filter>Source\Game\Scripts</Filter>
    </ClInclude>
    <ClInclude Include="Source\Game\Prefabs\SamplePrefab.h">
      <Filter>Source\Game\Prefabs</Filter>
    </ClInclude>
    <ClInclude Include="Source\Engine\Platform\Input.h">
      <Filter>Source\Engine\Platform</Filter>
    </ClInclude>
    <ClInclude Include="Source\Game\Scenes\IScene.h">
      <Filter>Source\Game\Scenes\Base</Filter>
    </ClInclude>
    <ClInclude Include="Source\Game\Scenes\SceneContext.h">
      <Filter>Source\Game\Scenes\Base</Filter>
    </ClInclude>
    <ClInclude Include="Source\Game\Scenes\SceneManager.h">
      <Filter>Source\Game\Scenes\Base</Filter>
    </ClInclude>
    <ClInclude Include="Assets\Materials\MaterialBuildContext.h">
      <Filter>Assets\Materials\Base</Filter>
    </ClInclude>
    <ClInclude Include="Assets\Materials\MaterialLibrary.h">
      <Filter>Assets\Materials\Base</Filter>
    </ClInclude>
    <ClInclude Include="Source\Game\Rendering\DefaultLighting.h">
      <Filter>Source\Game\Rendering</Filter>
    </ClInclude>
    <ClInclude Include="Source\Game\Scenes\PrefabSlot.h">
      <Filter>Source\Game\Scenes\Base</Filter>
    </ClInclude>
    <ClInclude Include="Source\Engine\Scene\Components\StaticModelRenderer.h">
      <Filter>Source\Engine\Scene\Components</Filter>
    </ClInclude>
    <ClInclude Include="Source\Engine\Graphics\Model.h">
      <Filter>Source\Engine\Graphics</Filter>
    </ClInclude>
    <ClInclude Include="Source\Engine\Resources\ObjModelLoader.h">
      <Filter>Source\Engine\Resources</Filter>
    </ClInclude>
    <ClInclude Include="Source\Engine\Graphics\SkinnedModel.h">
      <Filter>Source\Engine\Graphics</Filter>
    </ClInclude>
    <ClInclude Include="Source\Engine\Resources\SkinnedModelLoader.h">
      <Filter>Source\Engine\Resources</Filter>
    </ClInclude>
    <ClInclude Include="Source\Engine\Scene\Components\AnimationModel.h">
      <Filter>Source\Engine\Scene\Components</Filter>
    </ClInclude>
    <ClInclude Include="Source\Engine\Scene\Components\Camera.h">
      <Filter>Source\Engine\Scene\Components</Filter>
    </ClInclude>
    <ClInclude Include="Source\Game\Prefabs\MainCameraPrefab.h">
      <Filter>Source\Game\Prefabs</Filter>
    </ClInclude>
    <ClInclude Include="Source\Game\Prefabs\SkyPrefab.h">
      <Filter>Source\Game\Prefabs</Filter>
    </ClInclude>
    <ClInclude Include="Source\Engine\Graphics\RenderLayer.h">
      <Filter>Source\Engine\Graphics</Filter>
    </ClInclude>
    <ClInclude Include="Assets\Materials\SkyMaterial.h">
      <Filter>Assets\Materials</Filter>
    </ClInclude>
    <ClInclude Include="Source\Engine\Core\Concepts.h">
      <Filter>Source\Engine\Core</Filter>
    </ClInclude>
    <ClInclude Include="Source\Engine\Core\EventSystem.h">
      <Filter>Source\Engine\Core</Filter>
    </ClInclude>
    <ClInclude Include="Source\Engine\AI\StateMachine.h">
      <Filter>Source\Engine\AI</Filter>
    </ClInclude>
    <ClInclude Include="Source\Engine\Math\MathConstants.h">
      <Filter>Source\Engine\Math</Filter>
    </ClInclude>
    <ClInclude Include="Source\Engine\Scene\EntityId.h">
      <Filter>Source\Engine\Scene</Filter>
    </ClInclude>
  </ItemGroup>
  <ItemGroup>
    <None Include="Source\ThirdParty\DirectXTex\DirectXTex.inl">
      <Filter>ThirdParty\DirectXTex</Filter>
    </None>
    <None Include="ClassDiagram.cd" />
  </ItemGroup>
  <ItemGroup>
    <FxCompile Include="Assets\Shaders\Common\Common.hlsl">
      <Filter>Assets\Shaders\Common</Filter>
    </FxCompile>
    <FxCompile Include="Assets\Shaders\DefaultPS.hlsl">
      <Filter>Assets\Shaders</Filter>
    </FxCompile>
    <FxCompile Include="Assets\Shaders\DefaultVS.hlsl">
      <Filter>Assets\Shaders</Filter>
    </FxCompile>
    <FxCompile Include="Assets\Shaders\SkinnedVS.hlsl">
      <Filter>Assets\Shaders</Filter>
    </FxCompile>
    <FxCompile Include="Assets\Shaders\SkyPS.hlsl">
      <Filter>Assets\Shaders</Filter>
    </FxCompile>
  </ItemGroup>
</Project>