<?xml version="1.0" encoding="utf-8"?>
<Project ToolsVersion="4.0" xmlns="http://schemas.microsoft.com/developer/msbuild/2003">
  <ItemGroup>
    <Filter Include="Source">
      <UniqueIdentifier>{11c0fc2b-3844-40b1-9243-f7a1f9f21ec4}</UniqueIdentifier>
    </Filter>
    <Filter Include="Source\Engine">
      <UniqueIdentifier>{91620db5-740d-4ca4-9b85-8fc0becfb868}</UniqueIdentifier>
    </Filter>
    <Filter Include="Source\Engine\Core">
      <UniqueIdentifier>{5128cac5-c812-46f9-86a9-2531ea9b4757}</UniqueIdentifier>
    </Filter>
    <Filter Include="Source\Engine\Platform">
      <UniqueIdentifier>{6cd3fa55-2dc4-4046-a948-70aa94ea3b65}</UniqueIdentifier>
    </Filter>
    <Filter Include="Source\Engine\Graphics">
      <UniqueIdentifier>{9fee9642-96be-48fe-beda-cd7e59da6ff0}</UniqueIdentifier>
    </Filter>
    <Filter Include="Source\Engine\Resources">
      <UniqueIdentifier>{0ab508a4-0c72-4b19-83a0-7f4251b6b965}</UniqueIdentifier>
    </Filter>
    <Filter Include="Source\Engine\Scene">
      <UniqueIdentifier>{c3dc8a25-711d-4acf-a3d3-d2181128656c}</UniqueIdentifier>
    </Filter>
    <Filter Include="Source\Engine\Scene\Components">
      <UniqueIdentifier>{9cb7ce5b-77f7-4e21-b304-c04688068b1d}</UniqueIdentifier>
    </Filter>
    <Filter Include="Source\Engine\Math">
      <UniqueIdentifier>{ac61a88b-5336-4b43-b987-d8920baaf829}</UniqueIdentifier>
    </Filter>
    <Filter Include="Source\Game">
      <UniqueIdentifier>{dcb99c6e-c42a-4710-9e3f-5d3eaad9961e}</UniqueIdentifier>
    </Filter>
    <Filter Include="Source\Game\Rendering">
      <UniqueIdentifier>{ed196f9c-3869-41d5-80fc-a1bc2555ac0f}</UniqueIdentifier>
    </Filter>
    <Filter Include="Assets">
      <UniqueIdentifier>{c3c16424-06e6-450d-b8c1-af742b447f21}</UniqueIdentifier>
    </Filter>
    <Filter Include="Assets\Shaders">
      <UniqueIdentifier>{0cef9bf6-118f-4c4f-8d31-a760bec87154}</UniqueIdentifier>
    </Filter>
    <Filter Include="Assets\Shaders\Common">
      <UniqueIdentifier>{596dcf62-2d2b-4c42-b86e-0d2d7791897e}</UniqueIdentifier>
    </Filter>
    <Filter Include="Source\Engine\AI">
      <UniqueIdentifier>{f86cd35d-dbbc-46fe-8d1c-aad322614aaa}</UniqueIdentifier>
    </Filter>
    <Filter Include="Source\Engine\UI">
      <UniqueIdentifier>{f7b8c4d9-2a1e-4b5c-9d8f-3e6a7b0c1d2e}</UniqueIdentifier>
    </Filter>
    <Filter Include="Source\Engine\Physics">
      <UniqueIdentifier>{a1b2c3d4-e5f6-7890-abcd-ef1234567890}</UniqueIdentifier>
    </Filter>
    <Filter Include="Source\Game\GameObjects">
      <UniqueIdentifier>{46740ec4-df63-490a-bcc6-e8d9d3f38eaa}</UniqueIdentifier>
    </Filter>
    <Filter Include="Source\Game\Scenes">
      <UniqueIdentifier>{102ecf98-c8ed-4a24-a64c-cd41de25ef95}</UniqueIdentifier>
    </Filter>
    <Filter Include="Source\Game\GamePlay">
      <UniqueIdentifier>{eaa0025d-5982-4c2f-a2cf-fb1d70ccbdfd}</UniqueIdentifier>
    </Filter>
    <Filter Include="Source\Game\GamePlay\Rooms">
      <UniqueIdentifier>{f8da2827-25b1-47c8-a617-e16789a2731f}</UniqueIdentifier>
    </Filter>
    <Filter Include="Assets\Shaders\GBuffer">
      <UniqueIdentifier>{f74445f2-9e2a-4100-b04b-0f58f80ef3ff}</UniqueIdentifier>
    </Filter>
    <Filter Include="Source\Engine\Materials">
      <UniqueIdentifier>{0271737b-7497-41c0-8a6f-0aedac3a912c}</UniqueIdentifier>
    </Filter>
    <Filter Include="Source\Game\Definitions">
      <UniqueIdentifier>{e15f2e62-f170-49a1-98de-b89067122c1b}</UniqueIdentifier>
    </Filter>
    <Filter Include="Source\Game\Definitions\Materials">
      <UniqueIdentifier>{af14db90-562f-42fc-9af3-9c78682f08a3}</UniqueIdentifier>
    </Filter>
    <Filter Include="Source\Game\Definitions\Components">
      <UniqueIdentifier>{8cc125c1-e7f6-40de-b0c6-340b66d7f6d0}</UniqueIdentifier>
    </Filter>
    <Filter Include="Source\Game\Definitions\Components\CameraComponents">
      <UniqueIdentifier>{0fc96fe9-50dc-4d01-a166-88ff89297a18}</UniqueIdentifier>
    </Filter>
    <Filter Include="Source\Game\Definitions\Prefabs">
      <UniqueIdentifier>{196a0342-01a5-4c83-8ecc-59ba6cbd4768}</UniqueIdentifier>
    </Filter>
    <Filter Include="Source\Game\Definitions\Prefabs\CameraPrefabs">
      <UniqueIdentifier>{af617ad3-e32c-4e8c-afe1-e9b1ed894561}</UniqueIdentifier>
    </Filter>
    <Filter Include="Source\Game\Definitions\Prefabs\PlayerPrefabs">
      <UniqueIdentifier>{b1c2d3e4-f5a6-7890-abcd-ef1234567890}</UniqueIdentifier>
    </Filter>
    <Filter Include="Source\Game\Definitions\Components\LightComponents">
      <UniqueIdentifier>{06e1b509-d0a0-4a77-81b8-73408ad5cca0}</UniqueIdentifier>
    </Filter>
    <Filter Include="Source\Game\Definitions\Prefabs\LightPrefab">
      <UniqueIdentifier>{ea3f1d2b-873e-40d7-b40a-7e820a486be8}</UniqueIdentifier>
    </Filter>
    <Filter Include="Source\Engine\Debug">
      <UniqueIdentifier>{d1e2f3a4-b5c6-7890-1234-567890abcdef}</UniqueIdentifier>
    </Filter>
    <Filter Include="Assets\Shaders\Debug">
      <UniqueIdentifier>{a2b3c4d5-e6f7-8901-2345-678901fedcba}</UniqueIdentifier>
    </Filter>
    <Filter Include="Source\ThirdParty">
      <UniqueIdentifier>{15043778-a66f-40d1-85c2-1164592de9f8}</UniqueIdentifier>
    </Filter>
    <Filter Include="Source\ThirdParty\imgui">
      <UniqueIdentifier>{29249b9e-b757-4bd9-a685-df41d1a71c3b}</UniqueIdentifier>
    </Filter>
    <Filter Include="Source\Game\Definitions\Materials\Characters">
      <UniqueIdentifier>{8ca4d6cb-5278-4ae3-8267-186975c9c448}</UniqueIdentifier>
    </Filter>
    <Filter Include="Source\Game\Gameplay\Maze">
      <UniqueIdentifier>{d2e3f4a5-b6c7-8901-2345-678901abcdef}</UniqueIdentifier>
    </Filter>
  </ItemGroup>
  <ItemGroup>
    <ClCompile Include="Source\Engine\Core\Logger.cpp">
      <Filter>Source\Engine\Core</Filter>
    </ClCompile>
    <ClCompile Include="Source\Engine\Core\Application.cpp">
      <Filter>Source\Engine\Core</Filter>
    </ClCompile>
    <ClCompile Include="Source\Engine\Core\Time.cpp">
      <Filter>Source\Engine\Core</Filter>
    </ClCompile>
    <ClCompile Include="Source\Engine\Platform\Window.cpp">
      <Filter>Source\Engine\Platform</Filter>
    </ClCompile>
    <ClCompile Include="Source\Engine\Graphics\GraphicsDevice.cpp">
      <Filter>Source\Engine\Graphics</Filter>
    </ClCompile>
    <ClCompile Include="Source\Engine\Graphics\FadeSystem.cpp">
      <Filter>Source\Engine\Graphics</Filter>
    </ClCompile>
    <ClCompile Include="Source\Engine\Graphics\RenderSystem.cpp">
      <Filter>Source\Engine\Graphics</Filter>
    </ClCompile>
    <ClCompile Include="Source\Engine\Scene\World.cpp">
      <Filter>Source\Engine\Scene</Filter>
    </ClCompile>
    <ClCompile Include="Source\Engine\Scene\Component.cpp">
      <Filter>Source\Engine\Scene</Filter>
    </ClCompile>
    <ClCompile Include="Source\Engine\Scene\Components\Transform.cpp">
      <Filter>Source\Engine\Scene\Components</Filter>
    </ClCompile>
    <ClCompile Include="Source\Engine\Math\PerlinNoise.cpp">
      <Filter>Source\Engine\Math</Filter>
    </ClCompile>
    <ClCompile Include="Source\Engine\Math\Vector3.cpp">
      <Filter>Source\Engine\Math</Filter>
    </ClCompile>
    <ClCompile Include="Source\Game\GameMain.cpp">
      <Filter>Source\Game</Filter>
    </ClCompile>
    <ClCompile Include="Source\Engine\Graphics\Texture.cpp">
      <Filter>Source\Engine\Graphics</Filter>
    </ClCompile>
    <ClCompile Include="Source\Engine\Graphics\Shader.cpp">
      <Filter>Source\Engine\Graphics</Filter>
    </ClCompile>
    <ClCompile Include="Source\Engine\Graphics\ShaderLibrary.cpp">
      <Filter>Source\Engine\Graphics</Filter>
    </ClCompile>
    <ClCompile Include="Source\Engine\Resources\AssetManager.cpp">
      <Filter>Source\Engine\Resources</Filter>
    </ClCompile>
    <ClCompile Include="Source\Engine\Graphics\Mesh.cpp">
      <Filter>Source\Engine\Graphics</Filter>
    </ClCompile>
    <ClCompile Include="Source\Engine\Math\Vector2.cpp">
      <Filter>Source\Engine\Math</Filter>
    </ClCompile>
    <ClCompile Include="Source\Engine\Math\Vector4.cpp">
      <Filter>Source\Engine\Math</Filter>
    </ClCompile>
    <ClCompile Include="Source\Engine\Graphics\Material.cpp">
      <Filter>Source\Engine\Graphics</Filter>
    </ClCompile>
    <ClCompile Include="Source\Engine\Graphics\MeshPrimitives.cpp">
      <Filter>Source\Engine\Graphics</Filter>
    </ClCompile>
    <ClCompile Include="Source\Engine\Graphics\MeshFactory.cpp">
      <Filter>Source\Engine\Graphics</Filter>
    </ClCompile>
    <ClCompile Include="Source\Engine\Scene\Components\MeshRenderer.cpp">
      <Filter>Source\Engine\Scene\Components</Filter>
    </ClCompile>
    <ClCompile Include="Source\Engine\Platform\Input.cpp">
      <Filter>Source\Engine\Platform</Filter>
    </ClCompile>
    <ClCompile Include="Source\Game\Rendering\DefaultLighting.cpp">
      <Filter>Source\Game\Rendering</Filter>
    </ClCompile>
    <ClCompile Include="Source\Engine\Scene\Components\StaticModelRenderer.cpp">
      <Filter>Source\Engine\Scene\Components</Filter>
    </ClCompile>
    <ClCompile Include="Source\Engine\Graphics\Model.cpp">
      <Filter>Source\Engine\Graphics</Filter>
    </ClCompile>
    <ClCompile Include="Source\Engine\Resources\ObjModelLoader.cpp">
      <Filter>Source\Engine\Resources</Filter>
    </ClCompile>
    <ClCompile Include="Source\Engine\Resources\AssimpModelLoader.cpp">
      <Filter>Source\Engine\Resources</Filter>
    </ClCompile>
    <ClCompile Include="Source\Main.cpp" />
    <ClCompile Include="Source\Engine\Graphics\SkinnedModel.cpp">
      <Filter>Source\Engine\Graphics</Filter>
    </ClCompile>
    <ClCompile Include="Source\Engine\Graphics\AnimationController.cpp">
      <Filter>Source\Engine\Graphics</Filter>
    </ClCompile>
    <ClCompile Include="Source\Engine\Resources\SkinnedModelLoader.cpp">
      <Filter>Source\Engine\Resources</Filter>
    </ClCompile>
    <ClCompile Include="Source\Engine\Scene\Components\AnimationModel.cpp">
      <Filter>Source\Engine\Scene\Components</Filter>
    </ClCompile>
    <ClCompile Include="Source\Engine\Scene\Components\CameraComponent.cpp">
      <Filter>Source\Engine\Scene\Components</Filter>
    </ClCompile>
    <ClCompile Include="Source\Engine\Scene\Components\DebugCameraController.cpp">
      <Filter>Source\Engine\Scene\Components</Filter>
    </ClCompile>
    <ClCompile Include="Source\Engine\Scene\Scene.cpp">
      <Filter>Source\Engine\Scene</Filter>
    </ClCompile>
    <ClCompile Include="Source\Engine\Scene\SceneManager.cpp">
      <Filter>Source\Engine\Scene</Filter>
    </ClCompile>
    <ClCompile Include="Source\Engine\Scene\SceneBase.cpp">
      <Filter>Source\Engine\Scene</Filter>
    </ClCompile>
    <ClCompile Include="Source\Engine\Scene\GameObject.cpp">
      <Filter>Source\Engine\Scene</Filter>
    </ClCompile>
    <ClCompile Include="Source\Engine\Scene\CameraSystem.cpp">
      <Filter>Source\Engine\Scene</Filter>
    </ClCompile>
    <ClCompile Include="Source\Engine\Scene\Light.cpp">
      <Filter>Source\Engine\Scene</Filter>
    </ClCompile>
    <ClCompile Include="Source\Engine\Scene\LightSystem.cpp">
      <Filter>Source\Engine\Scene</Filter>
    </ClCompile>
    <ClCompile Include="Source\Engine\UI\Canvas.cpp">
      <Filter>Source\Engine\UI</Filter>
    </ClCompile>
    <ClCompile Include="Source\Engine\UI\UIElement.cpp">
      <Filter>Source\Engine\UI</Filter>
    </ClCompile>
    <ClCompile Include="Source\Engine\UI\TextElement.cpp">
      <Filter>Source\Engine\UI</Filter>
    </ClCompile>
    <ClCompile Include="Source\Engine\UI\Button.cpp">
      <Filter>Source\Engine\UI</Filter>
    </ClCompile>
    <ClCompile Include="Source\Engine\Physics\Ray.cpp">
      <Filter>Source\Engine\Physics</Filter>
    </ClCompile>
    <ClCompile Include="Source\Engine\Physics\Raycast.cpp">
      <Filter>Source\Engine\Physics</Filter>
    </ClCompile>
    <ClCompile Include="Source\Engine\Physics\RayManager.cpp">
      <Filter>Source\Engine\Physics</Filter>
    </ClCompile>
    <ClCompile Include="Source\Engine\Platform\MouseInputManager.cpp">
      <Filter>Source\Engine\Platform</Filter>
    </ClCompile>
    <ClCompile Include="Source\Game\Scenes\GameScene.cpp">
      <Filter>Source\Game\Scenes</Filter>
    </ClCompile>
    <ClCompile Include="Source\Game\Scenes\MazeCollectScene.cpp">
      <Filter>Source\Game\Scenes</Filter>
    </ClCompile>
    <ClCompile Include="Source\Game\Scenes\SampleScene.cpp">
      <Filter>Source\Game\Scenes</Filter>
    </ClCompile>
    <ClCompile Include="Source\Game\GamePlay\CharacterInstance.cpp">
      <Filter>Source\Game\GamePlay</Filter>
    </ClCompile>
    <ClCompile Include="Source\Game\GamePlay\PhaseManager.cpp">
      <Filter>Source\Game\GamePlay</Filter>
    </ClCompile>
    <ClCompile Include="Source\Game\GamePlay\RoomInstance.cpp">
      <Filter>Source\Game\GamePlay</Filter>
    </ClCompile>
    <ClCompile Include="Source\Game\GamePlay\TileCell.cpp">
      <Filter>Source\Game\GamePlay</Filter>
    </ClCompile>
    <ClCompile Include="Source\Game\GamePlay\TileMapBase.cpp">
      <Filter>Source\Game\GamePlay</Filter>
    </ClCompile>
    <ClCompile Include="Source\Game\GamePlay\TrapInstance.cpp">
      <Filter>Source\Game\GamePlay</Filter>
    </ClCompile>
    <ClCompile Include="Source\Game\Gameplay\Maze\MazeGrid.cpp">
      <Filter>Source\Game\Gameplay\Maze</Filter>
    </ClCompile>
    <ClCompile Include="Source\Game\Gameplay\Maze\FirstPersonPlayerController.cpp">
      <Filter>Source\Game\Gameplay\Maze</Filter>
    </ClCompile>
    <ClCompile Include="Source\Game\Gameplay\Maze\CollectibleBallComponent.cpp">
      <Filter>Source\Game\Gameplay\Maze</Filter>
    </ClCompile>
    <ClCompile Include="Source\Game\Gameplay\Maze\MazeGameManager.cpp">
      <Filter>Source\Game\Gameplay\Maze</Filter>
    </ClCompile>
    <ClCompile Include="Source\Game\GamePlay\Rooms\Room_Corridor.cpp">
      <Filter>Source\Game\GamePlay\Rooms</Filter>
    </ClCompile>
    <ClCompile Include="Source\Game\GameObjects\EnemyObject.cpp">
      <Filter>Source\Game\GameObjects</Filter>
    </ClCompile>
    <ClCompile Include="Source\Game\GameObjects\PlayerObject.cpp">
      <Filter>Source\Game\GameObjects</Filter>
    </ClCompile>
    <ClCompile Include="Source\Game\Scenes\TitleScene.cpp">
      <Filter>Source\Game\Scenes</Filter>
    </ClCompile>
    <ClCompile Include="Source\Engine\UI\UIButtonComponent.cpp">
      <Filter>Source\Engine\UI</Filter>
    </ClCompile>
    <ClCompile Include="Source\Engine\UI\UIImageComponent.cpp">
      <Filter>Source\Engine\UI</Filter>
    </ClCompile>
    <ClCompile Include="Source\Engine\UI\UIRectTransform.cpp">
      <Filter>Source\Engine\UI</Filter>
    </ClCompile>
    <ClCompile Include="Source\Engine\Graphics\PlanarReflectionSystem.cpp">
      <Filter>Source\Engine\Graphics</Filter>
    </ClCompile>
    <ClCompile Include="Source\Engine\Graphics\RenderTarget.cpp">
      <Filter>Source\Engine\Graphics</Filter>
    </ClCompile>
    <ClCompile Include="Source\Engine\Scene\Components\WaterSurfaceComponent.cpp">
      <Filter>Source\Engine\Scene\Components</Filter>
    </ClCompile>
    <ClCompile Include="Source\Engine\Scene\Components\PlanarReflectionComponent.cpp">
      <Filter>Source\Engine\Scene\Components</Filter>
    </ClCompile>
    <ClCompile Include="Source\Engine\Scene\Components\LightComponent.cpp">
      <Filter>Source\Engine\Scene\Components</Filter>
    </ClCompile>
    <ClCompile Include="Source\Engine\Materials\MaterialLibrary.cpp">
      <Filter>Source\Engine\Materials</Filter>
    </ClCompile>
    <ClCompile Include="Source\Engine\Materials\ParticleMaterial.cpp">
      <Filter>Source\Engine\Materials</Filter>
    </ClCompile>
    <ClCompile Include="Source\Game\Definitions\Materials\SampleCubeMaterial.cpp">
      <Filter>Source\Game\Definitions\Materials</Filter>
    </ClCompile>
    <ClCompile Include="Source\Game\Definitions\Materials\SkyMaterial.cpp">
      <Filter>Source\Game\Definitions\Materials</Filter>
    </ClCompile>
    <ClCompile Include="Source\Game\Definitions\Materials\SkyMaterial_Title.cpp">
      <Filter>Source\Game\Definitions\Materials</Filter>
    </ClCompile>
    <ClCompile Include="Source\Game\Definitions\Materials\TitleQuadMaterial.cpp">
      <Filter>Source\Game\Definitions\Materials</Filter>
    </ClCompile>
    <ClCompile Include="Source\Game\Definitions\Materials\WaterMaterial.cpp">
      <Filter>Source\Game\Definitions\Materials</Filter>
    </ClCompile>
    <ClCompile Include="Source\Game\Definitions\Components\FireflyParticleComponent.cpp">
      <Filter>Source\Game\Definitions\Components</Filter>
    </ClCompile>
    <ClCompile Include="Source\Game\Definitions\Components\FloatMotionComponent.cpp">
      <Filter>Source\Game\Definitions\Components</Filter>
    </ClCompile>
    <ClCompile Include="Source\Game\Definitions\Components\ParticleRendererComponent.cpp">
      <Filter>Source\Game\Definitions\Components</Filter>
    </ClCompile>
    <ClCompile Include="Source\Game\Definitions\Components\SampleRotateComponent.cpp">
      <Filter>Source\Game\Definitions\Components</Filter>
    </ClCompile>
    <ClCompile Include="Source\Game\Definitions\Components\SelectUI.cpp">
      <Filter>Source\Game\Definitions\Components</Filter>
    </ClCompile>
    <ClCompile Include="Source\Game\Definitions\Components\CameraComponents\CameraFollowTarget.cpp">
      <Filter>Source\Game\Definitions\Components\CameraComponents</Filter>
    </ClCompile>
    <ClCompile Include="Source\Game\Definitions\Components\CameraComponents\CameraMouseLook.cpp">
      <Filter>Source\Game\Definitions\Components\CameraComponents</Filter>
    </ClCompile>
    <ClCompile Include="Source\Game\Definitions\Components\CameraComponents\CameraMovementQE.cpp">
      <Filter>Source\Game\Definitions\Components\CameraComponents</Filter>
    </ClCompile>
    <ClCompile Include="Source\Game\Definitions\Components\CameraComponents\CameraMovementWASD.cpp">
      <Filter>Source\Game\Definitions\Components\CameraComponents</Filter>
    </ClCompile>
    <ClCompile Include="Source\Game\Definitions\Components\CameraComponents\CameraRotationArrow.cpp">
      <Filter>Source\Game\Definitions\Components\CameraComponents</Filter>
    </ClCompile>
    <ClCompile Include="Source\Game\Definitions\Prefabs\EnemyPrefab.cpp">
      <Filter>Source\Game\Definitions\Prefabs</Filter>
    </ClCompile>
    <ClCompile Include="Source\Game\Definitions\Prefabs\CampfirePrefab.cpp">
      <Filter>Source\Game\Definitions\Prefabs</Filter>
    </ClCompile>
    <ClCompile Include="Source\Game\Definitions\Prefabs\FireflyEmitterPrefab.cpp">
      <Filter>Source\Game\Definitions\Prefabs</Filter>
    </ClCompile>
    <ClCompile Include="Source\Game\Definitions\Prefabs\PlayerPrefab.cpp">
      <Filter>Source\Game\Definitions\Prefabs</Filter>
    </ClCompile>
    <ClCompile Include="Source\Game\Definitions\Prefabs\PlayerPrefabs\PlayerPrefab_Duck.cpp">
      <Filter>Source\Game\Definitions\Prefabs\PlayerPrefabs</Filter>
    </ClCompile>
    <ClCompile Include="Source\Game\Definitions\Prefabs\FieldPrefab.cpp">
      <Filter>Source\Game\Definitions\Prefabs</Filter>
    </ClCompile>
    <ClCompile Include="Source\Game\Definitions\Prefabs\SkyPrefab.cpp">
      <Filter>Source\Game\Definitions\Prefabs</Filter>
    </ClCompile>
    <ClCompile Include="Source\Game\Definitions\Prefabs\SkyPrefab_Title.cpp">
      <Filter>Source\Game\Definitions\Prefabs</Filter>
    </ClCompile>
    <ClCompile Include="Source\Game\Definitions\Prefabs\TitleQuadPrefab.cpp">
      <Filter>Source\Game\Definitions\Prefabs</Filter>
    </ClCompile>
    <ClCompile Include="Source\Game\Definitions\Prefabs\WaterPlanePrefab.cpp">
      <Filter>Source\Game\Definitions\Prefabs</Filter>
    </ClCompile>
    <ClCompile Include="Source\Game\Definitions\Prefabs\LightPrefabs.cpp">
      <Filter>Source\Game\Definitions\Prefabs</Filter>
    </ClCompile>
    <ClCompile Include="Source\Game\Definitions\Prefabs\CameraPrefabs\CameraPrefab_GameSceneMain.cpp">
      <Filter>Source\Game\Definitions\Prefabs\CameraPrefabs</Filter>
    </ClCompile>
    <ClCompile Include="Source\Game\Definitions\Prefabs\CameraPrefabs\CameraPrefab_TitleSceneMain.cpp">
      <Filter>Source\Game\Definitions\Prefabs\CameraPrefabs</Filter>
    </ClCompile>
    <ClCompile Include="Source\Game\Definitions\Components\LightComponents\FireFlickerComponent.cpp">
      <Filter>Source\Game\Definitions\Components\LightComponents</Filter>
    </ClCompile>
    <ClCompile Include="Source\Game\Definitions\Components\LightComponents\FollowTargetLightComponent.cpp">
      <Filter>Source\Game\Definitions\Components\LightComponents</Filter>
    </ClCompile>
    <ClCompile Include="Source\Game\Definitions\Components\LightComponents\SunCycleComponent.cpp">
      <Filter>Source\Game\Definitions\Components\LightComponents</Filter>
    </ClCompile>
    <ClCompile Include="Source\Game\Definitions\Prefabs\LightPrefabs\FireLightPrefab.cpp">
      <Filter>Source\Game\Definitions\Prefabs\LightPrefab</Filter>
    </ClCompile>
    <ClCompile Include="Source\Game\Definitions\Prefabs\LightPrefabs\FlashlightLightPrefab.cpp">
      <Filter>Source\Game\Definitions\Prefabs\LightPrefab</Filter>
    </ClCompile>
    <ClCompile Include="Source\Game\Definitions\Prefabs\LightPrefabs\StreetLampLightPrefab.cpp">
      <Filter>Source\Game\Definitions\Prefabs\LightPrefab</Filter>
    </ClCompile>
    <ClCompile Include="Source\Game\Definitions\Prefabs\LightPrefabs\SunLightPrefab.cpp">
      <Filter>Source\Game\Definitions\Prefabs\LightPrefab</Filter>
    </ClCompile>
    <ClCompile Include="Source\Engine\Debug\DebugVisualizationSystem.cpp">
      <Filter>Source\Engine\Debug</Filter>
    </ClCompile>
    <ClCompile Include="Source\Engine\Debug\DebugLightMarkerPrefab.cpp">
      <Filter>Source\Engine\Debug</Filter>
    </ClCompile>
    <ClCompile Include="Source\ThirdParty\imgui\imgui.cpp">
      <Filter>Source\ThirdParty\imgui</Filter>
    </ClCompile>
    <ClCompile Include="Source\ThirdParty\imgui\imgui_demo.cpp">
      <Filter>Source\ThirdParty\imgui</Filter>
    </ClCompile>
    <ClCompile Include="Source\ThirdParty\imgui\imgui_draw.cpp">
      <Filter>Source\ThirdParty\imgui</Filter>
    </ClCompile>
    <ClCompile Include="Source\ThirdParty\imgui\imgui_impl_dx11.cpp">
      <Filter>Source\ThirdParty\imgui</Filter>
    </ClCompile>
    <ClCompile Include="Source\ThirdParty\imgui\imgui_impl_win32.cpp">
      <Filter>Source\ThirdParty\imgui</Filter>
    </ClCompile>
    <ClCompile Include="Source\ThirdParty\imgui\imgui_tables.cpp">
      <Filter>Source\ThirdParty\imgui</Filter>
    </ClCompile>
    <ClCompile Include="Source\ThirdParty\imgui\imgui_widgets.cpp">
      <Filter>Source\ThirdParty\imgui</Filter>
    </ClCompile>
    <ClCompile Include="Source\Engine\Debug\DebugImGuiSystem.cpp">
      <Filter>Source\Engine\Debug</Filter>
    </ClCompile>
    <ClCompile Include="Source\Game\Definitions\Prefabs\DebugLight.cpp" />
    <ClCompile Include="Source\Game\Definitions\Prefabs\Sample.cpp">
      <Filter>Source\Game\Definitions\Prefabs</Filter>
    </ClCompile>
    <ClCompile Include="Source\Engine\Materials\TerrainBlendMaterial.cpp">
      <Filter>Source\Engine\Materials</Filter>
    </ClCompile>
    <ClCompile Include="Source\Game\Definitions\Components\SkyFollowCameraComponent.cpp">
      <Filter>Source\Game\Definitions\Components</Filter>
    </ClCompile>
    <ClCompile Include="Source\Game\GameObjects\Field.cpp">
      <Filter>Source\Game\GameObjects</Filter>
    </ClCompile>
    <ClCompile Include="Source\Game\Definitions\Components\CameraComponents\FreeLookCameraController.cpp">
      <Filter>Source\Game\Definitions\Components\CameraComponents</Filter>
    </ClCompile>
    <ClCompile Include="Source\Game\Definitions\Materials\Characters\PlayerMaterial_Duck.cpp">
      <Filter>Source\Game\Definitions\Materials\Characters</Filter>
    </ClCompile>
    <ClCompile Include="Source\Engine\Physics\AABBColliderComponent.cpp">
      <Filter>Source\Engine\Physics</Filter>
    </ClCompile>
    <ClCompile Include="Source\Engine\Physics\CapsuleColliderComponent.cpp">
      <Filter>Source\Engine\Physics</Filter>
    </ClCompile>
    <ClCompile Include="Source\Engine\Physics\ColliderComponent.cpp">
      <Filter>Source\Engine\Physics</Filter>
    </ClCompile>
    <ClCompile Include="Source\Engine\Physics\FieldColliderHelper.cpp">
      <Filter>Source\Engine\Physics</Filter>
    </ClCompile>
    <ClCompile Include="Source\Engine\Physics\HeightfieldColliderComponent.cpp">
      <Filter>Source\Engine\Physics</Filter>
    </ClCompile>
    <ClCompile Include="Source\Engine\Physics\PhysicsSystem.cpp">
      <Filter>Source\Engine\Physics</Filter>
    </ClCompile>
    <ClCompile Include="Source\Engine\Physics\SphereColliderComponent.cpp">
      <Filter>Source\Engine\Physics</Filter>
    </ClCompile>
    <ClCompile Include="Source\Game\Definitions\Prefabs\PhysicsCubePrefab.cpp">
      <Filter>Source\Game\Definitions\Prefabs</Filter>
    </ClCompile>
    <ClCompile Include="Source\Game\Definitions\Prefabs\PhysicsSpherePrefab.cpp">
      <Filter>Source\Game\Definitions\Prefabs</Filter>
    </ClCompile>
    <ClCompile Include="Source\Game\Definitions\Materials\SkyMaterial_Night.cpp">
      <Filter>Source\Game\Definitions\Materials</Filter>
    </ClCompile>
    <ClCompile Include="Source\Game\Definitions\Prefabs\SkyPrefab_Night.cpp">
      <Filter>Source\Game\Definitions\Prefabs</Filter>
    </ClCompile>
    <ClCompile Include="Source\Game\GamePlay\Maze\CollectibleParticleComponent.cpp">
      <Filter>Source\Game\Gameplay\Maze</Filter>
    </ClCompile>
  </ItemGroup>
  <ItemGroup>
    <ClInclude Include="Source\Engine\Core\Logger.h">
      <Filter>Source\Engine\Core</Filter>
    </ClInclude>
    <ClInclude Include="Source\Engine\Core\Application.h">
      <Filter>Source\Engine\Core</Filter>
    </ClInclude>
    <ClInclude Include="Source\Engine\Core\ApplicationSettings.h">
      <Filter>Source\Engine\Core</Filter>
    </ClInclude>
    <ClInclude Include="Source\Engine\Core\Assert.h">
      <Filter>Source\Engine\Core</Filter>
    </ClInclude>
    <ClInclude Include="Source\Engine\Core\IGame.h">
      <Filter>Source\Engine\Core</Filter>
    </ClInclude>
    <ClInclude Include="Source\Engine\Core\Time.h">
      <Filter>Source\Engine\Core</Filter>
    </ClInclude>
    <ClInclude Include="Source\Engine\Platform\Window.h">
      <Filter>Source\Engine\Platform</Filter>
    </ClInclude>
    <ClInclude Include="Source\Engine\Graphics\GraphicsDevice.h">
      <Filter>Source\Engine\Graphics</Filter>
    </ClInclude>
    <ClInclude Include="Source\Engine\Graphics\FadeSystem.h">
      <Filter>Source\Engine\Graphics</Filter>
    </ClInclude>
    <ClInclude Include="Source\Engine\Graphics\RenderSystem.h">
      <Filter>Source\Engine\Graphics</Filter>
    </ClInclude>
    <ClInclude Include="Source\Engine\Scene\World.h">
      <Filter>Source\Engine\Scene</Filter>
    </ClInclude>
    <ClInclude Include="Source\Engine\Scene\Component.h">
      <Filter>Source\Engine\Scene</Filter>
    </ClInclude>
    <ClInclude Include="Source\Engine\Math\PerlinNoise.h">
      <Filter>Source\Engine\Math</Filter>
    </ClInclude>
    <ClInclude Include="Source\Engine\Scene\Components\Transform.h">
      <Filter>Source\Engine\Scene\Components</Filter>
    </ClInclude>
    <ClInclude Include="Source\Engine\Math\Vector3.h">
      <Filter>Source\Engine\Math</Filter>
    </ClInclude>
    <ClInclude Include="Source\Engine\Scene\Components\ScriptComponent.h">
      <Filter>Source\Engine\Scene\Components</Filter>
    </ClInclude>
    <ClInclude Include="Source\Game\GameMain.h">
      <Filter>Source\Game</Filter>
    </ClInclude>
    <ClInclude Include="Source\Engine\Graphics\Texture.h">
      <Filter>Source\Engine\Graphics</Filter>
    </ClInclude>
    <ClInclude Include="Source\Engine\Graphics\Shader.h">
      <Filter>Source\Engine\Graphics</Filter>
    </ClInclude>
    <ClInclude Include="Source\Engine\Graphics\ShaderLibrary.h">
      <Filter>Source\Engine\Graphics</Filter>
    </ClInclude>
    <ClInclude Include="Source\Engine\Resources\AssetManager.h">
      <Filter>Source\Engine\Resources</Filter>
    </ClInclude>
    <ClInclude Include="Source\Engine\Graphics\Mesh.h">
      <Filter>Source\Engine\Graphics</Filter>
    </ClInclude>
    <ClInclude Include="Source\Engine\Math\Vector2.h">
      <Filter>Source\Engine\Math</Filter>
    </ClInclude>
    <ClInclude Include="Source\Engine\Math\Vector4.h">
      <Filter>Source\Engine\Math</Filter>
    </ClInclude>
    <ClInclude Include="Source\Engine\Math\Vector1.h">
      <Filter>Source\Engine\Math</Filter>
    </ClInclude>
    <ClInclude Include="Source\Engine\Math\Color.h">
      <Filter>Source\Engine\Math</Filter>
    </ClInclude>
    <ClInclude Include="Source\Engine\Graphics\ShaderConstants.h">
      <Filter>Source\Engine\Graphics</Filter>
    </ClInclude>
    <ClInclude Include="Source\Engine\Graphics\ConstantBuffer.h">
      <Filter>Source\Engine\Graphics</Filter>
    </ClInclude>
    <ClInclude Include="Source\Engine\Math\Easing.h">
      <Filter>Source\Engine\Math</Filter>
    </ClInclude>
    <ClInclude Include="Source\Engine\Graphics\Material.h">
      <Filter>Source\Engine\Graphics</Filter>
    </ClInclude>
    <ClInclude Include="Source\Engine\Graphics\MeshPrimitives.h">
      <Filter>Source\Engine\Graphics</Filter>
    </ClInclude>
    <ClInclude Include="Source\Engine\Graphics\MeshFactory.h">
      <Filter>Source\Engine\Graphics</Filter>
    </ClInclude>
    <ClInclude Include="Source\Engine\Scene\Components\MeshRenderer.h">
      <Filter>Source\Engine\Scene\Components</Filter>
    </ClInclude>
    <ClInclude Include="Source\Engine\Platform\Input.h">
      <Filter>Source\Engine\Platform</Filter>
    </ClInclude>
    <ClInclude Include="Source\Game\Rendering\DefaultLighting.h">
      <Filter>Source\Game\Rendering</Filter>
    </ClInclude>
    <ClInclude Include="Source\Engine\Scene\Components\StaticModelRenderer.h">
      <Filter>Source\Engine\Scene\Components</Filter>
    </ClInclude>
    <ClInclude Include="Source\Engine\Graphics\Model.h">
      <Filter>Source\Engine\Graphics</Filter>
    </ClInclude>
    <ClInclude Include="Source\Engine\Resources\ObjModelLoader.h">
      <Filter>Source\Engine\Resources</Filter>
    </ClInclude>
    <ClInclude Include="Source\Engine\Resources\AssimpModelLoader.h">
      <Filter>Source\Engine\Resources</Filter>
    </ClInclude>
    <ClInclude Include="Source\Engine\Graphics\SkinnedModel.h">
      <Filter>Source\Engine\Graphics</Filter>
    </ClInclude>
    <ClInclude Include="Source\Engine\Graphics\AnimationController.h">
      <Filter>Source\Engine\Graphics</Filter>
    </ClInclude>
    <ClInclude Include="Source\Engine\Resources\SkinnedModelLoader.h">
      <Filter>Source\Engine\Resources</Filter>
    </ClInclude>
    <ClInclude Include="Source\Engine\Scene\Components\AnimationModel.h">
      <Filter>Source\Engine\Scene\Components</Filter>
    </ClInclude>
    <ClInclude Include="Source\Engine\Scene\Components\CameraComponent.h">
      <Filter>Source\Engine\Scene\Components</Filter>
    </ClInclude>
    <ClInclude Include="Source\Engine\Scene\Components\DebugCameraController.h">
      <Filter>Source\Engine\Scene\Components</Filter>
    </ClInclude>
    <ClInclude Include="Source\Engine\Graphics\RenderLayer.h">
      <Filter>Source\Engine\Graphics</Filter>
    </ClInclude>
    <ClInclude Include="Source\Engine\Core\Concepts.h">
      <Filter>Source\Engine\Core</Filter>
    </ClInclude>
    <ClInclude Include="Source\Engine\Core\EventSystem.h">
      <Filter>Source\Engine\Core</Filter>
    </ClInclude>
    <ClInclude Include="Source\Engine\AI\StateMachine.h">
      <Filter>Source\Engine\AI</Filter>
    </ClInclude>
    <ClInclude Include="Source\Engine\Math\MathConstants.h">
      <Filter>Source\Engine\Math</Filter>
    </ClInclude>
    <ClInclude Include="Source\Engine\Scene\EntityId.h">
      <Filter>Source\Engine\Scene</Filter>
    </ClInclude>
    <ClInclude Include="Source\Engine\Scene\Scene.h">
      <Filter>Source\Engine\Scene</Filter>
    </ClInclude>
    <ClInclude Include="Source\Engine\Scene\ObjectSlot.h">
      <Filter>Source\Engine\Scene</Filter>
    </ClInclude>
    <ClInclude Include="Source\Engine\Scene\SceneBase.h">
      <Filter>Source\Engine\Scene</Filter>
    </ClInclude>
    <ClInclude Include="Source\Engine\Scene\SceneContext.h">
      <Filter>Source\Engine\Scene</Filter>
    </ClInclude>
    <ClInclude Include="Source\Engine\Scene\SceneManager.h">
      <Filter>Source\Engine\Scene</Filter>
    </ClInclude>
    <ClInclude Include="Source\Engine\Scene\GameObject.h">
      <Filter>Source\Engine\Scene</Filter>
    </ClInclude>
    <ClInclude Include="Source\Engine\Scene\CameraSystem.h">
      <Filter>Source\Engine\Scene</Filter>
    </ClInclude>
    <ClInclude Include="Source\Engine\Scene\Light.h">
      <Filter>Source\Engine\Scene</Filter>
    </ClInclude>
    <ClInclude Include="Source\Engine\Scene\LightSystem.h">
      <Filter>Source\Engine\Scene</Filter>
    </ClInclude>
    <ClInclude Include="Source\Engine\UI\Canvas.h">
      <Filter>Source\Engine\UI</Filter>
    </ClInclude>
    <ClInclude Include="Source\Engine\UI\UIElement.h">
      <Filter>Source\Engine\UI</Filter>
    </ClInclude>
    <ClInclude Include="Source\Engine\UI\TextElement.h">
      <Filter>Source\Engine\UI</Filter>
    </ClInclude>
    <ClInclude Include="Source\Engine\UI\Button.h">
      <Filter>Source\Engine\UI</Filter>
    </ClInclude>
    <ClInclude Include="Source\Engine\Physics\Ray.h">
      <Filter>Source\Engine\Physics</Filter>
    </ClInclude>
    <ClInclude Include="Source\Engine\Physics\Raycast.h">
      <Filter>Source\Engine\Physics</Filter>
    </ClInclude>
    <ClInclude Include="Source\Engine\Physics\RayManager.h">
      <Filter>Source\Engine\Physics</Filter>
    </ClInclude>
    <ClInclude Include="Source\Engine\Platform\MouseInputManager.h">
      <Filter>Source\Engine\Platform</Filter>
    </ClInclude>
    <ClInclude Include="Source\Game\Scenes\GameScene.h">
      <Filter>Source\Game\Scenes</Filter>
    </ClInclude>
    <ClInclude Include="Source\Game\Scenes\MazeCollectScene.h">
      <Filter>Source\Game\Scenes</Filter>
    </ClInclude>
    <ClInclude Include="Source\Game\Scenes\SampleScene.h">
      <Filter>Source\Game\Scenes</Filter>
    </ClInclude>
    <ClInclude Include="Source\Game\GamePlay\CharacterInstance.h">
      <Filter>Source\Game\GamePlay</Filter>
    </ClInclude>
    <ClInclude Include="Source\Game\GamePlay\GridPosition.h">
      <Filter>Source\Game\GamePlay</Filter>
    </ClInclude>
    <ClInclude Include="Source\Game\GamePlay\PhaseManager.h">
      <Filter>Source\Game\GamePlay</Filter>
    </ClInclude>
    <ClInclude Include="Source\Game\GamePlay\RoomInstance.h">
      <Filter>Source\Game\GamePlay</Filter>
    </ClInclude>
    <ClInclude Include="Source\Game\GamePlay\TileCell.h">
      <Filter>Source\Game\GamePlay</Filter>
    </ClInclude>
    <ClInclude Include="Source\Game\GamePlay\TileMapBase.h">
      <Filter>Source\Game\GamePlay</Filter>
    </ClInclude>
    <ClInclude Include="Source\Game\GamePlay\TrapInstance.h">
      <Filter>Source\Game\GamePlay</Filter>
    </ClInclude>
    <ClInclude Include="Source\Game\Gameplay\Maze\MazeGrid.h">
      <Filter>Source\Game\Gameplay\Maze</Filter>
    </ClInclude>
    <ClInclude Include="Source\Game\Gameplay\Maze\FirstPersonPlayerController.h">
      <Filter>Source\Game\Gameplay\Maze</Filter>
    </ClInclude>
    <ClInclude Include="Source\Game\Gameplay\Maze\CollectibleBallComponent.h">
      <Filter>Source\Game\Gameplay\Maze</Filter>
    </ClInclude>
    <ClInclude Include="Source\Game\Gameplay\Maze\MazeGameManager.h">
      <Filter>Source\Game\Gameplay\Maze</Filter>
    </ClInclude>
    <ClInclude Include="Source\Game\GamePlay\Rooms\Room_Corridor.h">
      <Filter>Source\Game\GamePlay\Rooms</Filter>
    </ClInclude>
    <ClInclude Include="Source\Game\GameObjects\EnemyObject.h">
      <Filter>Source\Game\GameObjects</Filter>
    </ClInclude>
    <ClInclude Include="Source\Game\GameObjects\PlayerObject.h">
      <Filter>Source\Game\GameObjects</Filter>
    </ClInclude>
    <ClInclude Include="Source\Game\Scenes\TitleScene.h">
      <Filter>Source\Game\Scenes</Filter>
    </ClInclude>
    <ClInclude Include="Source\Engine\UI\UIButtonComponent.h">
      <Filter>Source\Engine\UI</Filter>
    </ClInclude>
    <ClInclude Include="Source\Engine\UI\UIImageComponent.h">
      <Filter>Source\Engine\UI</Filter>
    </ClInclude>
    <ClInclude Include="Source\Engine\UI\UIRectTransform.h">
      <Filter>Source\Engine\UI</Filter>
    </ClInclude>
    <ClInclude Include="Source\Engine\Graphics\PlanarReflectionSystem.h">
      <Filter>Source\Engine\Graphics</Filter>
    </ClInclude>
    <ClInclude Include="Source\Engine\Graphics\RenderTarget.h">
      <Filter>Source\Engine\Graphics</Filter>
    </ClInclude>
    <ClInclude Include="Source\Engine\Scene\Components\WaterSurfaceComponent.h">
      <Filter>Source\Engine\Scene\Components</Filter>
    </ClInclude>
    <ClInclude Include="Source\Engine\Scene\Components\PlanarReflectionComponent.h">
      <Filter>Source\Engine\Scene\Components</Filter>
    </ClInclude>
    <ClInclude Include="Source\Engine\Scene\Components\LightComponent.h">
      <Filter>Source\Engine\Scene\Components</Filter>
    </ClInclude>
    <ClInclude Include="Source\Engine\Materials\MaterialBuildContext.h">
      <Filter>Source\Engine\Materials</Filter>
    </ClInclude>
    <ClInclude Include="Source\Engine\Materials\MaterialLibrary.h">
      <Filter>Source\Engine\Materials</Filter>
    </ClInclude>
    <ClInclude Include="Source\Engine\Materials\ParticleMaterial.h">
      <Filter>Source\Engine\Materials</Filter>
    </ClInclude>
    <ClInclude Include="Source\Game\Definitions\Materials\SampleCubeMaterial.h">
      <Filter>Source\Game\Definitions\Materials</Filter>
    </ClInclude>
    <ClInclude Include="Source\Game\Definitions\Materials\SkyMaterial.h">
      <Filter>Source\Game\Definitions\Materials</Filter>
    </ClInclude>
    <ClInclude Include="Source\Game\Definitions\Materials\SkyMaterial_Title.h">
      <Filter>Source\Game\Definitions\Materials</Filter>
    </ClInclude>
    <ClInclude Include="Source\Game\Definitions\Materials\TitleQuadMaterial.h">
      <Filter>Source\Game\Definitions\Materials</Filter>
    </ClInclude>
    <ClInclude Include="Source\Game\Definitions\Materials\WaterMaterial.h">
      <Filter>Source\Game\Definitions\Materials</Filter>
    </ClInclude>
    <ClInclude Include="Source\Game\Definitions\Components\FireflyParticleComponent.h">
      <Filter>Source\Game\Definitions\Components</Filter>
    </ClInclude>
    <ClInclude Include="Source\Game\Definitions\Components\FloatMotionComponent.h">
      <Filter>Source\Game\Definitions\Components</Filter>
    </ClInclude>
    <ClInclude Include="Source\Game\Definitions\Components\ParticleRendererComponent.h">
      <Filter>Source\Game\Definitions\Components</Filter>
    </ClInclude>
    <ClInclude Include="Source\Game\Definitions\Components\SampleRotateComponent.h">
      <Filter>Source\Game\Definitions\Components</Filter>
    </ClInclude>
    <ClInclude Include="Source\Game\Definitions\Components\SelectUI.h">
      <Filter>Source\Game\Definitions\Components</Filter>
    </ClInclude>
    <ClInclude Include="Source\Game\Definitions\Components\CameraComponents\CameraFollowTarget.h">
      <Filter>Source\Game\Definitions\Components\CameraComponents</Filter>
    </ClInclude>
    <ClInclude Include="Source\Game\Definitions\Components\CameraComponents\CameraMouseLook.h">
      <Filter>Source\Game\Definitions\Components\CameraComponents</Filter>
    </ClInclude>
    <ClInclude Include="Source\Game\Definitions\Components\CameraComponents\CameraMovementQE.h">
      <Filter>Source\Game\Definitions\Components\CameraComponents</Filter>
    </ClInclude>
    <ClInclude Include="Source\Game\Definitions\Components\CameraComponents\CameraMovementWASD.h">
      <Filter>Source\Game\Definitions\Components\CameraComponents</Filter>
    </ClInclude>
    <ClInclude Include="Source\Game\Definitions\Components\CameraComponents\CameraRotationArrow.h">
      <Filter>Source\Game\Definitions\Components\CameraComponents</Filter>
    </ClInclude>
    <ClInclude Include="Source\Game\Definitions\Prefabs\EnemyPrefab.h">
      <Filter>Source\Game\Definitions\Prefabs</Filter>
    </ClInclude>
    <ClInclude Include="Source\Game\Definitions\Prefabs\CampfirePrefab.h">
      <Filter>Source\Game\Definitions\Prefabs</Filter>
    </ClInclude>
    <ClInclude Include="Source\Game\Definitions\Prefabs\FireflyEmitterPrefab.h">
      <Filter>Source\Game\Definitions\Prefabs</Filter>
    </ClInclude>
    <ClInclude Include="Source\Game\Definitions\Prefabs\PlayerPrefab.h">
      <Filter>Source\Game\Definitions\Prefabs</Filter>
    </ClInclude>
    <ClInclude Include="Source\Game\Definitions\Prefabs\PlayerPrefabs\PlayerPrefab_Duck.h">
      <Filter>Source\Game\Definitions\Prefabs\PlayerPrefabs</Filter>
    </ClInclude>
    <ClInclude Include="Source\Game\Definitions\Prefabs\FieldPrefab.h">
      <Filter>Source\Game\Definitions\Prefabs</Filter>
    </ClInclude>
    <ClInclude Include="Source\Game\Definitions\Prefabs\SkyPrefab.h">
      <Filter>Source\Game\Definitions\Prefabs</Filter>
    </ClInclude>
    <ClInclude Include="Source\Game\Definitions\Prefabs\SkyPrefab_Title.h">
      <Filter>Source\Game\Definitions\Prefabs</Filter>
    </ClInclude>
    <ClInclude Include="Source\Game\Definitions\Prefabs\TitleQuadPrefab.h">
      <Filter>Source\Game\Definitions\Prefabs</Filter>
    </ClInclude>
    <ClInclude Include="Source\Game\Definitions\Prefabs\WaterPlanePrefab.h">
      <Filter>Source\Game\Definitions\Prefabs</Filter>
    </ClInclude>
    <ClInclude Include="Source\Game\Definitions\Prefabs\LightPrefabs.h">
      <Filter>Source\Game\Definitions\Prefabs</Filter>
    </ClInclude>
    <ClInclude Include="Source\Game\Definitions\Prefabs\CameraPrefabs\CameraPrefab_GameSceneMain.h">
      <Filter>Source\Game\Definitions\Prefabs\CameraPrefabs</Filter>
    </ClInclude>
    <ClInclude Include="Source\Game\Definitions\Prefabs\CameraPrefabs\CameraPrefab_TitleSceneMain.h">
      <Filter>Source\Game\Definitions\Prefabs\CameraPrefabs</Filter>
    </ClInclude>
    <ClInclude Include="Source\Game\Definitions\Components\LightComponents\FireFlickerComponent.h">
      <Filter>Source\Game\Definitions\Components\LightComponents</Filter>
    </ClInclude>
    <ClInclude Include="Source\Game\Definitions\Components\LightComponents\FollowTargetLightComponent.h">
      <Filter>Source\Game\Definitions\Components\LightComponents</Filter>
    </ClInclude>
    <ClInclude Include="Source\Game\Definitions\Components\LightComponents\SunCycleComponent.h">
      <Filter>Source\Game\Definitions\Components\LightComponents</Filter>
    </ClInclude>
    <ClInclude Include="Source\Game\Definitions\Prefabs\LightPrefabs\AllLightPrefabs.h">
      <Filter>Source\Game\Definitions\Prefabs\LightPrefab</Filter>
    </ClInclude>
    <ClInclude Include="Source\Game\Definitions\Prefabs\LightPrefabs\FireLightPrefab.h">
      <Filter>Source\Game\Definitions\Prefabs\LightPrefab</Filter>
    </ClInclude>
    <ClInclude Include="Source\Game\Definitions\Prefabs\LightPrefabs\FlashlightLightPrefab.h">
      <Filter>Source\Game\Definitions\Prefabs\LightPrefab</Filter>
    </ClInclude>
    <ClInclude Include="Source\Game\Definitions\Prefabs\LightPrefabs\StreetLampLightPrefab.h">
      <Filter>Source\Game\Definitions\Prefabs\LightPrefab</Filter>
    </ClInclude>
    <ClInclude Include="Source\Game\Definitions\Prefabs\LightPrefabs\SunLightPrefab.h">
      <Filter>Source\Game\Definitions\Prefabs\LightPrefab</Filter>
    </ClInclude>
    <ClInclude Include="Source\Engine\Debug\DebugVisualizationSystem.h">
      <Filter>Source\Engine\Debug</Filter>
    </ClInclude>
    <ClInclude Include="Source\Engine\Debug\DebugLightMarkerPrefab.h">
      <Filter>Source\Engine\Debug</Filter>
    </ClInclude>
    <ClInclude Include="Source\ThirdParty\imgui\imconfig.h">
      <Filter>Source\ThirdParty\imgui</Filter>
    </ClInclude>
    <ClInclude Include="Source\ThirdParty\imgui\imgui.h">
      <Filter>Source\ThirdParty\imgui</Filter>
    </ClInclude>
    <ClInclude Include="Source\ThirdParty\imgui\imgui_impl_dx11.h">
      <Filter>Source\ThirdParty\imgui</Filter>
    </ClInclude>
    <ClInclude Include="Source\ThirdParty\imgui\imgui_impl_win32.h">
      <Filter>Source\ThirdParty\imgui</Filter>
    </ClInclude>
    <ClInclude Include="Source\ThirdParty\imgui\imgui_internal.h">
      <Filter>Source\ThirdParty\imgui</Filter>
    </ClInclude>
    <ClInclude Include="Source\ThirdParty\imgui\imstb_rectpack.h">
      <Filter>Source\ThirdParty\imgui</Filter>
    </ClInclude>
    <ClInclude Include="Source\ThirdParty\imgui\imstb_textedit.h">
      <Filter>Source\ThirdParty\imgui</Filter>
    </ClInclude>
    <ClInclude Include="Source\ThirdParty\imgui\imstb_truetype.h">
      <Filter>Source\ThirdParty\imgui</Filter>
    </ClInclude>
    <ClInclude Include="Source\Engine\Debug\DebugImGuiSystem.h">
      <Filter>Source\Engine\Debug</Filter>
    </ClInclude>
    <ClInclude Include="Source\Game\Definitions\Prefabs\DebugLight.h" />
    <ClInclude Include="Source\Game\Definitions\Prefabs\Sample.h">
      <Filter>Source\Game\Definitions\Prefabs</Filter>
    </ClInclude>
    <ClInclude Include="Source\Engine\Materials\TerrainBlendMaterial.h">
      <Filter>Source\Engine\Materials</Filter>
    </ClInclude>
    <ClInclude Include="Source\Game\Definitions\Components\SkyFollowCameraComponent.h">
      <Filter>Source\Game\Definitions\Components</Filter>
    </ClInclude>
    <ClInclude Include="Source\Game\GameObjects\Field.h">
      <Filter>Source\Game\GameObjects</Filter>
    </ClInclude>
    <ClInclude Include="Source\Game\Definitions\Components\CameraComponents\FreeLookCameraController.h">
      <Filter>Source\Game\Definitions\Components\CameraComponents</Filter>
    </ClInclude>
    <ClInclude Include="Source\Game\Definitions\Materials\Characters\PlayerMaterial_Duck.h">
      <Filter>Source\Game\Definitions\Materials\Characters</Filter>
    </ClInclude>
    <ClInclude Include="Source\Engine\Physics\AABBColliderComponent.h">
      <Filter>Source\Engine\Physics</Filter>
    </ClInclude>
    <ClInclude Include="Source\Engine\Physics\CapsuleColliderComponent.h">
      <Filter>Source\Engine\Physics</Filter>
    </ClInclude>
    <ClInclude Include="Source\Engine\Physics\ColliderComponent.h">
      <Filter>Source\Engine\Physics</Filter>
    </ClInclude>
    <ClInclude Include="Source\Engine\Physics\ColliderTypes.h">
      <Filter>Source\Engine\Physics</Filter>
    </ClInclude>
    <ClInclude Include="Source\Engine\Physics\FieldColliderHelper.h">
      <Filter>Source\Engine\Physics</Filter>
    </ClInclude>
    <ClInclude Include="Source\Engine\Physics\HeightfieldColliderComponent.h">
      <Filter>Source\Engine\Physics</Filter>
    </ClInclude>
    <ClInclude Include="Source\Engine\Physics\Physics.h">
      <Filter>Source\Engine\Physics</Filter>
    </ClInclude>
    <ClInclude Include="Source\Engine\Physics\PhysicsSystem.h">
      <Filter>Source\Engine\Physics</Filter>
    </ClInclude>
    <ClInclude Include="Source\Engine\Physics\SphereColliderComponent.h">
      <Filter>Source\Engine\Physics</Filter>
    </ClInclude>
    <ClInclude Include="Source\Game\Definitions\Prefabs\PhysicsCubePrefab.h">
      <Filter>Source\Game\Definitions\Prefabs</Filter>
    </ClInclude>
    <ClInclude Include="Source\Game\Definitions\Prefabs\PhysicsSpherePrefab.h">
      <Filter>Source\Game\Definitions\Prefabs</Filter>
    </ClInclude>
    <ClInclude Include="Source\Game\Definitions\Materials\SkyMaterial_Night.h">
      <Filter>Source\Game\Definitions\Materials</Filter>
    </ClInclude>
    <ClInclude Include="Source\Game\Definitions\Prefabs\SkyPrefab_Night.h">
      <Filter>Source\Game\Definitions\Prefabs</Filter>
    </ClInclude>
    <ClInclude Include="Source\Game\GamePlay\Maze\CollectibleParticleComponent.h">
      <Filter>Source\Game\Gameplay\Maze</Filter>
    </ClInclude>
  </ItemGroup>
  <ItemGroup>
    <None Include="ClassDiagram.cd" />
  </ItemGroup>
  <ItemGroup>
    <FxCompile Include="Assets\Shaders\Common\Common.hlsl">
      <Filter>Assets\Shaders\Common</Filter>
    </FxCompile>
    <FxCompile Include="Assets\Shaders\DefaultPS.hlsl">
      <Filter>Assets\Shaders</Filter>
    </FxCompile>
    <FxCompile Include="Assets\Shaders\DefaultVS.hlsl">
      <Filter>Assets\Shaders</Filter>
    </FxCompile>
    <FxCompile Include="Assets\Shaders\SkinnedVS.hlsl">
      <Filter>Assets\Shaders</Filter>
    </FxCompile>
    <FxCompile Include="Assets\Shaders\SkyPS.hlsl">
      <Filter>Assets\Shaders</Filter>
    </FxCompile>
    <FxCompile Include="Assets\Shaders\UIVS.hlsl">
      <Filter>Assets\Shaders</Filter>
    </FxCompile>
    <FxCompile Include="Assets\Shaders\UIPS.hlsl">
      <Filter>Assets\Shaders</Filter>
    </FxCompile>
    <FxCompile Include="Assets\Shaders\WaterPS.hlsl">
      <Filter>Assets\Shaders</Filter>
    </FxCompile>
    <FxCompile Include="Assets\Shaders\WaterVS.hlsl">
      <Filter>Assets\Shaders</Filter>
    </FxCompile>
    <FxCompile Include="Assets\Shaders\ParticleVS.hlsl">
      <Filter>Assets\Shaders</Filter>
    </FxCompile>
    <FxCompile Include="Assets\Shaders\ParticlePS.hlsl">
      <Filter>Assets\Shaders</Filter>
    </FxCompile>
    <FxCompile Include="Assets\Shaders\TerrainBlendVS.hlsl">
      <Filter>Assets\Shaders</Filter>
    </FxCompile>
    <FxCompile Include="Assets\Shaders\TerrainBlendPS.hlsl">
      <Filter>Assets\Shaders</Filter>
    </FxCompile>
    <FxCompile Include="Assets\Shaders\DuckPBRPS.hlsl">
      <Filter>Assets\Shaders</Filter>
    </FxCompile>
    <FxCompile Include="Assets\Shaders\DuckPBRVS.hlsl">
      <Filter>Assets\Shaders</Filter>
    </FxCompile>
    <FxCompile Include="Assets\Shaders\GBuffer\GBufferCommon.hlsl">
      <Filter>Assets\Shaders\GBuffer</Filter>
    </FxCompile>
    <FxCompile Include="Assets\Shaders\GBuffer\GBufferPS.hlsl">
      <Filter>Assets\Shaders\GBuffer</Filter>
    </FxCompile>
    <FxCompile Include="Assets\Shaders\GBuffer\GBufferSkinnedVS.hlsl">
      <Filter>Assets\Shaders\GBuffer</Filter>
    </FxCompile>
    <FxCompile Include="Assets\Shaders\GBuffer\GBufferVS.hlsl">
      <Filter>Assets\Shaders\GBuffer</Filter>
    </FxCompile>
    <FxCompile Include="Assets\Shaders\Debug\OutlineVS.hlsl">
      <Filter>Assets\Shaders\Debug</Filter>
    </FxCompile>
    <FxCompile Include="Assets\Shaders\Debug\OutlinePS.hlsl">
      <Filter>Assets\Shaders\Debug</Filter>
    </FxCompile>
    <FxCompile Include="Assets\Shaders\Debug\BillboardVS.hlsl">
      <Filter>Assets\Shaders\Debug</Filter>
    </FxCompile>
    <FxCompile Include="Assets\Shaders\Debug\BillboardPS.hlsl">
      <Filter>Assets\Shaders\Debug</Filter>
    </FxCompile>
    <FxCompile Include="Assets\Shaders\Debug\UnlitVS.hlsl">
      <Filter>Assets\Shaders\Debug</Filter>
    </FxCompile>
    <FxCompile Include="Assets\Shaders\Debug\UnlitPS.hlsl">
      <Filter>Assets\Shaders\Debug</Filter>
    </FxCompile>
  </ItemGroup>
</Project>